
Microsoft Visual Studio Solution File, Format Version 12.00
# Visual Studio 15
VisualStudioVersion = 15.0.27130.2024
MinimumVisualStudioVersion = 10.0.40219.1
Project("{8BC9CEB8-8B4A-11D0-8D11-00A0C91BC942}") = "capitulo_5", "capitulo_5\capitulo_5.vcxproj", "{CE8522C3-F12E-4FA9-AB62-D71F8633671D}"
EndProject
Global
	GlobalSection(SolutionConfigurationPlatforms) = preSolution
		Debug|x64 = Debug|x64
		Debug|x86 = Debug|x86
		Release|x64 = Release|x64
		Release|x86 = Release|x86
	EndGlobalSection
	GlobalSection(ProjectConfigurationPlatforms) = postSolution
		{CE8522C3-F12E-4FA9-AB62-D71F8633671D}.Debug|x64.ActiveCfg = Debug|x64
		{CE8522C3-F12E-4FA9-AB62-D71F8633671D}.Debug|x64.Build.0 = Debug|x64
		{CE8522C3-F12E-4FA9-AB62-D71F8633671D}.Debug|x86.ActiveCfg = Debug|Win32
		{CE8522C3-F12E-4FA9-AB62-D71F8633671D}.Debug|x86.Build.0 = Debug|Win32
		{CE8522C3-F12E-4FA9-AB62-D71F8633671D}.Release|x64.ActiveCfg = Release|x64
		{CE8522C3-F12E-4FA9-AB62-D71F8633671D}.Release|x64.Build.0 = Release|x64
		{CE8522C3-F12E-4FA9-AB62-D71F8633671D}.Release|x86.ActiveCfg = Release|Win32
		{CE8522C3-F12E-4FA9-AB62-D71F8633671D}.Release|x86.Build.0 = Release|Win32
	EndGlobalSection
	GlobalSection(SolutionProperties) = preSolution
		HideSolutionNode = FALSE
	EndGlobalSection
	GlobalSection(ExtensibilityGlobals) = postSolution
		SolutionGuid = {5D811265-C426-422D-AF5D-60020E96084C}
	EndGlobalSection
EndGlobal
