
Microsoft Visual Studio Solution File, Format Version 12.00
# Visual Studio 15
VisualStudioVersion = 15.0.27130.2024
MinimumVisualStudioVersion = 10.0.40219.1
Project("{8BC9CEB8-8B4A-11D0-8D11-00A0C91BC942}") = "Capitulo4", "Capitulo4\Capitulo4.vcxproj", "{29AE5ED8-D2FC-4DA0-B6A3-1AFD3285E379}"
EndProject
Global
	GlobalSection(SolutionConfigurationPlatforms) = preSolution
		Debug|x64 = Debug|x64
		Debug|x86 = Debug|x86
		Release|x64 = Release|x64
		Release|x86 = Release|x86
	EndGlobalSection
	GlobalSection(ProjectConfigurationPlatforms) = postSolution
		{29AE5ED8-D2FC-4DA0-B6A3-1AFD3285E379}.Debug|x64.ActiveCfg = Debug|x64
		{29AE5ED8-D2FC-4DA0-B6A3-1AFD3285E379}.Debug|x64.Build.0 = Debug|x64
		{29AE5ED8-D2FC-4DA0-B6A3-1AFD3285E379}.Debug|x86.ActiveCfg = Debug|Win32
		{29AE5ED8-D2FC-4DA0-B6A3-1AFD3285E379}.Debug|x86.Build.0 = Debug|Win32
		{29AE5ED8-D2FC-4DA0-B6A3-1AFD3285E379}.Release|x64.ActiveCfg = Release|x64
		{29AE5ED8-D2FC-4DA0-B6A3-1AFD3285E379}.Release|x64.Build.0 = Release|x64
		{29AE5ED8-D2FC-4DA0-B6A3-1AFD3285E379}.Release|x86.ActiveCfg = Release|Win32
		{29AE5ED8-D2FC-4DA0-B6A3-1AFD3285E379}.Release|x86.Build.0 = Release|Win32
	EndGlobalSection
	GlobalSection(SolutionProperties) = preSolution
		HideSolutionNode = FALSE
	EndGlobalSection
	GlobalSection(ExtensibilityGlobals) = postSolution
		SolutionGuid = {09B48563-0858-47A5-810C-F9B5E5E1A218}
	EndGlobalSection
EndGlobal
